// !$*UTF8*$!
{
	archiveVersion = 1;
	classes = {
	};
	objectVersion = 50;
	objects = {

/* Begin PBXBuildFile section */
		5584E12526948D5E00B20D53 /* AppDelegate.swift in Sources */ = {isa = PBXBuildFile; fileRef = 5584E12426948D5E00B20D53 /* AppDelegate.swift */; };
		5584E12726948D5E00B20D53 /* SceneDelegate.swift in Sources */ = {isa = PBXBuildFile; fileRef = 5584E12626948D5E00B20D53 /* SceneDelegate.swift */; };
		5584E12926948D5E00B20D53 /* ViewController.swift in Sources */ = {isa = PBXBuildFile; fileRef = 5584E12826948D5E00B20D53 /* ViewController.swift */; };
		5584E12C26948D5E00B20D53 /* Main.storyboard in Resources */ = {isa = PBXBuildFile; fileRef = 5584E12A26948D5E00B20D53 /* Main.storyboard */; };
		5584E12E26948D6200B20D53 /* Assets.xcassets in Resources */ = {isa = PBXBuildFile; fileRef = 5584E12D26948D6200B20D53 /* Assets.xcassets */; };
		5584E13126948D6200B20D53 /* LaunchScreen.storyboard in Resources */ = {isa = PBXBuildFile; fileRef = 5584E12F26948D6200B20D53 /* LaunchScreen.storyboard */; };
		5584E13C26948D6300B20D53 /* MeMeShareTests.swift in Sources */ = {isa = PBXBuildFile; fileRef = 5584E13B26948D6300B20D53 /* MeMeShareTests.swift */; };
		5584E14726948D6300B20D53 /* MeMeShareUITests.swift in Sources */ = {isa = PBXBuildFile; fileRef = 5584E14626948D6300B20D53 /* MeMeShareUITests.swift */; };
		5584E1552698A95C00B20D53 /* MeMeShareModal.swift in Sources */ = {isa = PBXBuildFile; fileRef = 5584E1542698A95C00B20D53 /* MeMeShareModal.swift */; };
/* End PBXBuildFile section */

/* Begin PBXContainerItemProxy section */
		5584E13826948D6300B20D53 /* PBXContainerItemProxy */ = {
			isa = PBXContainerItemProxy;
			containerPortal = 5584E11926948D5E00B20D53 /* Project object */;
			proxyType = 1;
			remoteGlobalIDString = 5584E12026948D5E00B20D53;
			remoteInfo = MeMeShare;
		};
		5584E14326948D6300B20D53 /* PBXContainerItemProxy */ = {
			isa = PBXContainerItemProxy;
			containerPortal = 5584E11926948D5E00B20D53 /* Project object */;
			proxyType = 1;
			remoteGlobalIDString = 5584E12026948D5E00B20D53;
			remoteInfo = MeMeShare;
		};
/* End PBXContainerItemProxy section */

/* Begin PBXFileReference section */
		5584E12126948D5E00B20D53 /* MeMeShare.app */ = {isa = PBXFileReference; explicitFileType = wrapper.application; includeInIndex = 0; path = MeMeShare.app; sourceTree = BUILT_PRODUCTS_DIR; };
		5584E12426948D5E00B20D53 /* AppDelegate.swift */ = {isa = PBXFileReference; lastKnownFileType = sourcecode.swift; path = AppDelegate.swift; sourceTree = "<group>"; };
		5584E12626948D5E00B20D53 /* SceneDelegate.swift */ = {isa = PBXFileReference; lastKnownFileType = sourcecode.swift; path = SceneDelegate.swift; sourceTree = "<group>"; };
		5584E12826948D5E00B20D53 /* ViewController.swift */ = {isa = PBXFileReference; lastKnownFileType = sourcecode.swift; path = ViewController.swift; sourceTree = "<group>"; };
		5584E12B26948D5E00B20D53 /* Base */ = {isa = PBXFileReference; lastKnownFileType = file.storyboard; name = Base; path = Base.lproj/Main.storyboard; sourceTree = "<group>"; };
		5584E12D26948D6200B20D53 /* Assets.xcassets */ = {isa = PBXFileReference; lastKnownFileType = folder.assetcatalog; path = Assets.xcassets; sourceTree = "<group>"; };
		5584E13026948D6200B20D53 /* Base */ = {isa = PBXFileReference; lastKnownFileType = file.storyboard; name = Base; path = Base.lproj/LaunchScreen.storyboard; sourceTree = "<group>"; };
		5584E13226948D6200B20D53 /* Info.plist */ = {isa = PBXFileReference; lastKnownFileType = text.plist.xml; path = Info.plist; sourceTree = "<group>"; };
		5584E13726948D6300B20D53 /* MeMeShareTests.xctest */ = {isa = PBXFileReference; explicitFileType = wrapper.cfbundle; includeInIndex = 0; path = MeMeShareTests.xctest; sourceTree = BUILT_PRODUCTS_DIR; };
		5584E13B26948D6300B20D53 /* MeMeShareTests.swift */ = {isa = PBXFileReference; lastKnownFileType = sourcecode.swift; path = MeMeShareTests.swift; sourceTree = "<group>"; };
		5584E13D26948D6300B20D53 /* Info.plist */ = {isa = PBXFileReference; lastKnownFileType = text.plist.xml; path = Info.plist; sourceTree = "<group>"; };
		5584E14226948D6300B20D53 /* MeMeShareUITests.xctest */ = {isa = PBXFileReference; explicitFileType = wrapper.cfbundle; includeInIndex = 0; path = MeMeShareUITests.xctest; sourceTree = BUILT_PRODUCTS_DIR; };
		5584E14626948D6300B20D53 /* MeMeShareUITests.swift */ = {isa = PBXFileReference; lastKnownFileType = sourcecode.swift; path = MeMeShareUITests.swift; sourceTree = "<group>"; };
		5584E14826948D6300B20D53 /* Info.plist */ = {isa = PBXFileReference; lastKnownFileType = text.plist.xml; path = Info.plist; sourceTree = "<group>"; };
		5584E1542698A95C00B20D53 /* MeMeShareModal.swift */ = {isa = PBXFileReference; lastKnownFileType = sourcecode.swift; path = MeMeShareModal.swift; sourceTree = "<group>"; };
/* End PBXFileReference section */

/* Begin PBXFrameworksBuildPhase section */
		5584E11E26948D5E00B20D53 /* Frameworks */ = {
			isa = PBXFrameworksBuildPhase;
			buildActionMask = 2147483647;
			files = (
			);
			runOnlyForDeploymentPostprocessing = 0;
		};
		5584E13426948D6300B20D53 /* Frameworks */ = {
			isa = PBXFrameworksBuildPhase;
			buildActionMask = 2147483647;
			files = (
			);
			runOnlyForDeploymentPostprocessing = 0;
		};
		5584E13F26948D6300B20D53 /* Frameworks */ = {
			isa = PBXFrameworksBuildPhase;
			buildActionMask = 2147483647;
			files = (
			);
			runOnlyForDeploymentPostprocessing = 0;
		};
/* End PBXFrameworksBuildPhase section */

/* Begin PBXGroup section */
		5584E11826948D5E00B20D53 = {
			isa = PBXGroup;
			children = (
				5584E12326948D5E00B20D53 /* MeMeShare */,
				5584E13A26948D6300B20D53 /* MeMeShareTests */,
				5584E14526948D6300B20D53 /* MeMeShareUITests */,
				5584E12226948D5E00B20D53 /* Products */,
			);
			sourceTree = "<group>";
		};
		5584E12226948D5E00B20D53 /* Products */ = {
			isa = PBXGroup;
			children = (
				5584E12126948D5E00B20D53 /* MeMeShare.app */,
				5584E13726948D6300B20D53 /* MeMeShareTests.xctest */,
				5584E14226948D6300B20D53 /* MeMeShareUITests.xctest */,
			);
			name = Products;
			sourceTree = "<group>";
		};
		5584E12326948D5E00B20D53 /* MeMeShare */ = {
			isa = PBXGroup;
			children = (
				5584E157269941BD00B20D53 /* Controller */,
				5584E156269941AF00B20D53 /* View */,
				5584E158269941CB00B20D53 /* Modal */,
				5584E12D26948D6200B20D53 /* Assets.xcassets */,
				5584E12F26948D6200B20D53 /* LaunchScreen.storyboard */,
				5584E13226948D6200B20D53 /* Info.plist */,
			);
			path = MeMeShare;
			sourceTree = "<group>";
		};
		5584E13A26948D6300B20D53 /* MeMeShareTests */ = {
			isa = PBXGroup;
			children = (
				5584E13B26948D6300B20D53 /* MeMeShareTests.swift */,
				5584E13D26948D6300B20D53 /* Info.plist */,
			);
			path = MeMeShareTests;
			sourceTree = "<group>";
		};
		5584E14526948D6300B20D53 /* MeMeShareUITests */ = {
			isa = PBXGroup;
			children = (
				5584E14626948D6300B20D53 /* MeMeShareUITests.swift */,
				5584E14826948D6300B20D53 /* Info.plist */,
			);
			path = MeMeShareUITests;
			sourceTree = "<group>";
		};
		5584E156269941AF00B20D53 /* View */ = {
			isa = PBXGroup;
			children = (
				5584E12A26948D5E00B20D53 /* Main.storyboard */,
			);
			path = View;
			sourceTree = "<group>";
		};
		5584E157269941BD00B20D53 /* Controller */ = {
			isa = PBXGroup;
			children = (
				5584E12426948D5E00B20D53 /* AppDelegate.swift */,
				5584E12626948D5E00B20D53 /* SceneDelegate.swift */,
				5584E12826948D5E00B20D53 /* ViewController.swift */,
			);
			path = Controller;
			sourceTree = "<group>";
		};
		5584E158269941CB00B20D53 /* Modal */ = {
			isa = PBXGroup;
			children = (
				5584E1542698A95C00B20D53 /* MeMeShareModal.swift */,
			);
			path = Modal;
			sourceTree = "<group>";
		};
/* End PBXGroup section */

/* Begin PBXNativeTarget section */
		5584E12026948D5E00B20D53 /* MeMeShare */ = {
			isa = PBXNativeTarget;
			buildConfigurationList = 5584E14B26948D6300B20D53 /* Build configuration list for PBXNativeTarget "MeMeShare" */;
			buildPhases = (
				5584E11D26948D5E00B20D53 /* Sources */,
				5584E11E26948D5E00B20D53 /* Frameworks */,
				5584E11F26948D5E00B20D53 /* Resources */,
			);
			buildRules = (
			);
			dependencies = (
			);
			name = MeMeShare;
			productName = MeMeShare;
			productReference = 5584E12126948D5E00B20D53 /* MeMeShare.app */;
			productType = "com.apple.product-type.application";
		};
		5584E13626948D6300B20D53 /* MeMeShareTests */ = {
			isa = PBXNativeTarget;
			buildConfigurationList = 5584E14E26948D6300B20D53 /* Build configuration list for PBXNativeTarget "MeMeShareTests" */;
			buildPhases = (
				5584E13326948D6300B20D53 /* Sources */,
				5584E13426948D6300B20D53 /* Frameworks */,
				5584E13526948D6300B20D53 /* Resources */,
			);
			buildRules = (
			);
			dependencies = (
				5584E13926948D6300B20D53 /* PBXTargetDependency */,
			);
			name = MeMeShareTests;
			productName = MeMeShareTests;
			productReference = 5584E13726948D6300B20D53 /* MeMeShareTests.xctest */;
			productType = "com.apple.product-type.bundle.unit-test";
		};
		5584E14126948D6300B20D53 /* MeMeShareUITests */ = {
			isa = PBXNativeTarget;
			buildConfigurationList = 5584E15126948D6300B20D53 /* Build configuration list for PBXNativeTarget "MeMeShareUITests" */;
			buildPhases = (
				5584E13E26948D6300B20D53 /* Sources */,
				5584E13F26948D6300B20D53 /* Frameworks */,
				5584E14026948D6300B20D53 /* Resources */,
			);
			buildRules = (
			);
			dependencies = (
				5584E14426948D6300B20D53 /* PBXTargetDependency */,
			);
			name = MeMeShareUITests;
			productName = MeMeShareUITests;
			productReference = 5584E14226948D6300B20D53 /* MeMeShareUITests.xctest */;
			productType = "com.apple.product-type.bundle.ui-testing";
		};
/* End PBXNativeTarget section */

/* Begin PBXProject section */
		5584E11926948D5E00B20D53 /* Project object */ = {
			isa = PBXProject;
			attributes = {
				LastSwiftUpdateCheck = 1250;
				LastUpgradeCheck = 1250;
				TargetAttributes = {
					5584E12026948D5E00B20D53 = {
						CreatedOnToolsVersion = 12.5.1;
					};
					5584E13626948D6300B20D53 = {
						CreatedOnToolsVersion = 12.5.1;
						TestTargetID = 5584E12026948D5E00B20D53;
					};
					5584E14126948D6300B20D53 = {
						CreatedOnToolsVersion = 12.5.1;
						TestTargetID = 5584E12026948D5E00B20D53;
					};
				};
			};
			buildConfigurationList = 5584E11C26948D5E00B20D53 /* Build configuration list for PBXProject "MeMeShare" */;
			compatibilityVersion = "Xcode 9.3";
			developmentRegion = en;
			hasScannedForEncodings = 0;
			knownRegions = (
				en,
				Base,
			);
			mainGroup = 5584E11826948D5E00B20D53;
			productRefGroup = 5584E12226948D5E00B20D53 /* Products */;
			projectDirPath = "";
			projectRoot = "";
			targets = (
				5584E12026948D5E00B20D53 /* MeMeShare */,
				5584E13626948D6300B20D53 /* MeMeShareTests */,
				5584E14126948D6300B20D53 /* MeMeShareUITests */,
			);
		};
/* End PBXProject section */

/* Begin PBXResourcesBuildPhase section */
		5584E11F26948D5E00B20D53 /* Resources */ = {
			isa = PBXResourcesBuildPhase;
			buildActionMask = 2147483647;
			files = (
				5584E13126948D6200B20D53 /* LaunchScreen.storyboard in Resources */,
				5584E12E26948D6200B20D53 /* Assets.xcassets in Resources */,
				5584E12C26948D5E00B20D53 /* Main.storyboard in Resources */,
			);
			runOnlyForDeploymentPostprocessing = 0;
		};
		5584E13526948D6300B20D53 /* Resources */ = {
			isa = PBXResourcesBuildPhase;
			buildActionMask = 2147483647;
			files = (
			);
			runOnlyForDeploymentPostprocessing = 0;
		};
		5584E14026948D6300B20D53 /* Resources */ = {
			isa = PBXResourcesBuildPhase;
			buildActionMask = 2147483647;
			files = (
			);
			runOnlyForDeploymentPostprocessing = 0;
		};
/* End PBXResourcesBuildPhase section */

/* Begin PBXSourcesBuildPhase section */
		5584E11D26948D5E00B20D53 /* Sources */ = {
			isa = PBXSourcesBuildPhase;
			buildActionMask = 2147483647;
			files = (
				5584E12926948D5E00B20D53 /* ViewController.swift in Sources */,
				5584E12526948D5E00B20D53 /* AppDelegate.swift in Sources */,
				5584E12726948D5E00B20D53 /* SceneDelegate.swift in Sources */,
				5584E1552698A95C00B20D53 /* MeMeShareModal.swift in Sources */,
			);
			runOnlyForDeploymentPostprocessing = 0;
		};
		5584E13326948D6300B20D53 /* Sources */ = {
			isa = PBXSourcesBuildPhase;
			buildActionMask = 2147483647;
			files = (
				5584E13C26948D6300B20D53 /* MeMeShareTests.swift in Sources */,
			);
			runOnlyForDeploymentPostprocessing = 0;
		};
		5584E13E26948D6300B20D53 /* Sources */ = {
			isa = PBXSourcesBuildPhase;
			buildActionMask = 2147483647;
			files = (
				5584E14726948D6300B20D53 /* MeMeShareUITests.swift in Sources */,
			);
			runOnlyForDeploymentPostprocessing = 0;
		};
/* End PBXSourcesBuildPhase section */

/* Begin PBXTargetDependency section */
		5584E13926948D6300B20D53 /* PBXTargetDependency */ = {
			isa = PBXTargetDependency;
			target = 5584E12026948D5E00B20D53 /* MeMeShare */;
			targetProxy = 5584E13826948D6300B20D53 /* PBXContainerItemProxy */;
		};
		5584E14426948D6300B20D53 /* PBXTargetDependency */ = {
			isa = PBXTargetDependency;
			target = 5584E12026948D5E00B20D53 /* MeMeShare */;
			targetProxy = 5584E14326948D6300B20D53 /* PBXContainerItemProxy */;
		};
/* End PBXTargetDependency section */

/* Begin PBXVariantGroup section */
		5584E12A26948D5E00B20D53 /* Main.storyboard */ = {
			isa = PBXVariantGroup;
			children = (
				5584E12B26948D5E00B20D53 /* Base */,
			);
			name = Main.storyboard;
			sourceTree = "<group>";
		};
		5584E12F26948D6200B20D53 /* LaunchScreen.storyboard */ = {
			isa = PBXVariantGroup;
			children = (
				5584E13026948D6200B20D53 /* Base */,
			);
			name = LaunchScreen.storyboard;
			sourceTree = "<group>";
		};
/* End PBXVariantGroup section */

/* Begin XCBuildConfiguration section */
		5584E14926948D6300B20D53 /* Debug */ = {
			isa = XCBuildConfiguration;
			buildSettings = {
				ALWAYS_SEARCH_USER_PATHS = NO;
				CLANG_ANALYZER_NONNULL = YES;
				CLANG_ANALYZER_NUMBER_OBJECT_CONVERSION = YES_AGGRESSIVE;
				CLANG_CXX_LANGUAGE_STANDARD = "gnu++14";
				CLANG_CXX_LIBRARY = "libc++";
				CLANG_ENABLE_MODULES = YES;
				CLANG_ENABLE_OBJC_ARC = YES;
				CLANG_ENABLE_OBJC_WEAK = YES;
				CLANG_WARN_BLOCK_CAPTURE_AUTORELEASING = YES;
				CLANG_WARN_BOOL_CONVERSION = YES;
				CLANG_WARN_COMMA = YES;
				CLANG_WARN_CONSTANT_CONVERSION = YES;
				CLANG_WARN_DEPRECATED_OBJC_IMPLEMENTATIONS = YES;
				CLANG_WARN_DIRECT_OBJC_ISA_USAGE = YES_ERROR;
				CLANG_WARN_DOCUMENTATION_COMMENTS = YES;
				CLANG_WARN_EMPTY_BODY = YES;
				CLANG_WARN_ENUM_CONVERSION = YES;
				CLANG_WARN_INFINITE_RECURSION = YES;
				CLANG_WARN_INT_CONVERSION = YES;
				CLANG_WARN_NON_LITERAL_NULL_CONVERSION = YES;
				CLANG_WARN_OBJC_IMPLICIT_RETAIN_SELF = YES;
				CLANG_WARN_OBJC_LITERAL_CONVERSION = YES;
				CLANG_WARN_OBJC_ROOT_CLASS = YES_ERROR;
				CLANG_WARN_QUOTED_INCLUDE_IN_FRAMEWORK_HEADER = YES;
				CLANG_WARN_RANGE_LOOP_ANALYSIS = YES;
				CLANG_WARN_STRICT_PROTOTYPES = YES;
				CLANG_WARN_SUSPICIOUS_MOVE = YES;
				CLANG_WARN_UNGUARDED_AVAILABILITY = YES_AGGRESSIVE;
				CLANG_WARN_UNREACHABLE_CODE = YES;
				CLANG_WARN__DUPLICATE_METHOD_MATCH = YES;
				COPY_PHASE_STRIP = NO;
				DEBUG_INFORMATION_FORMAT = dwarf;
				ENABLE_STRICT_OBJC_MSGSEND = YES;
				ENABLE_TESTABILITY = YES;
				GCC_C_LANGUAGE_STANDARD = gnu11;
				GCC_DYNAMIC_NO_PIC = NO;
				GCC_NO_COMMON_BLOCKS = YES;
				GCC_OPTIMIZATION_LEVEL = 0;
				GCC_PREPROCESSOR_DEFINITIONS = (
					"DEBUG=1",
					"$(inherited)",
				);
				GCC_WARN_64_TO_32_BIT_CONVERSION = YES;
				GCC_WARN_ABOUT_RETURN_TYPE = YES_ERROR;
				GCC_WARN_UNDECLARED_SELECTOR = YES;
				GCC_WARN_UNINITIALIZED_AUTOS = YES_AGGRESSIVE;
				GCC_WARN_UNUSED_FUNCTION = YES;
				GCC_WARN_UNUSED_VARIABLE = YES;
				IPHONEOS_DEPLOYMENT_TARGET = 14.3;
				MTL_ENABLE_DEBUG_INFO = INCLUDE_SOURCE;
				MTL_FAST_MATH = YES;
				ONLY_ACTIVE_ARCH = YES;
				SDKROOT = iphoneos;
				SWIFT_ACTIVE_COMPILATION_CONDITIONS = DEBUG;
				SWIFT_OPTIMIZATION_LEVEL = "-Onone";
			};
			name = Debug;
		};
		5584E14A26948D6300B20D53 /* Release */ = {
			isa = XCBuildConfiguration;
			buildSettings = {
				ALWAYS_SEARCH_USER_PATHS = NO;
				CLANG_ANALYZER_NONNULL = YES;
				CLANG_ANALYZER_NUMBER_OBJECT_CONVERSION = YES_AGGRESSIVE;
				CLANG_CXX_LANGUAGE_STANDARD = "gnu++14";
				CLANG_CXX_LIBRARY = "libc++";
				CLANG_ENABLE_MODULES = YES;
				CLANG_ENABLE_OBJC_ARC = YES;
				CLANG_ENABLE_OBJC_WEAK = YES;
				CLANG_WARN_BLOCK_CAPTURE_AUTORELEASING = YES;
				CLANG_WARN_BOOL_CONVERSION = YES;
				CLANG_WARN_COMMA = YES;
				CLANG_WARN_CONSTANT_CONVERSION = YES;
				CLANG_WARN_DEPRECATED_OBJC_IMPLEMENTATIONS = YES;
				CLANG_WARN_DIRECT_OBJC_ISA_USAGE = YES_ERROR;
				CLANG_WARN_DOCUMENTATION_COMMENTS = YES;
				CLANG_WARN_EMPTY_BODY = YES;
				CLANG_WARN_ENUM_CONVERSION = YES;
				CLANG_WARN_INFINITE_RECURSION = YES;
				CLANG_WARN_INT_CONVERSION = YES;
				CLANG_WARN_NON_LITERAL_NULL_CONVERSION = YES;
				CLANG_WARN_OBJC_IMPLICIT_RETAIN_SELF = YES;
				CLANG_WARN_OBJC_LITERAL_CONVERSION = YES;
				CLANG_WARN_OBJC_ROOT_CLASS = YES_ERROR;
				CLANG_WARN_QUOTED_INCLUDE_IN_FRAMEWORK_HEADER = YES;
				CLANG_WARN_RANGE_LOOP_ANALYSIS = YES;
				CLANG_WARN_STRICT_PROTOTYPES = YES;
				CLANG_WARN_SUSPICIOUS_MOVE = YES;
				CLANG_WARN_UNGUARDED_AVAILABILITY = YES_AGGRESSIVE;
				CLANG_WARN_UNREACHABLE_CODE = YES;
				CLANG_WARN__DUPLICATE_METHOD_MATCH = YES;
				COPY_PHASE_STRIP = NO;
				DEBUG_INFORMATION_FORMAT = "dwarf-with-dsym";
				ENABLE_NS_ASSERTIONS = NO;
				ENABLE_STRICT_OBJC_MSGSEND = YES;
				GCC_C_LANGUAGE_STANDARD = gnu11;
				GCC_NO_COMMON_BLOCKS = YES;
				GCC_WARN_64_TO_32_BIT_CONVERSION = YES;
				GCC_WARN_ABOUT_RETURN_TYPE = YES_ERROR;
				GCC_WARN_UNDECLARED_SELECTOR = YES;
				GCC_WARN_UNINITIALIZED_AUTOS = YES_AGGRESSIVE;
				GCC_WARN_UNUSED_FUNCTION = YES;
				GCC_WARN_UNUSED_VARIABLE = YES;
				IPHONEOS_DEPLOYMENT_TARGET = 14.3;
				MTL_ENABLE_DEBUG_INFO = NO;
				MTL_FAST_MATH = YES;
				SDKROOT = iphoneos;
				SWIFT_COMPILATION_MODE = wholemodule;
				SWIFT_OPTIMIZATION_LEVEL = "-O";
				VALIDATE_PRODUCT = YES;
			};
			name = Release;
		};
		5584E14C26948D6300B20D53 /* Debug */ = {
			isa = XCBuildConfiguration;
			buildSettings = {
				ASSETCATALOG_COMPILER_APPICON_NAME = AppIcon;
				ASSETCATALOG_COMPILER_GLOBAL_ACCENT_COLOR_NAME = AccentColor;
				CODE_SIGN_STYLE = Automatic;
				DEVELOPMENT_TEAM = SAS2UF9Y9D;
				INFOPLIST_FILE = MeMeShare/Info.plist;
				LD_RUNPATH_SEARCH_PATHS = (
					"$(inherited)",
					"@executable_path/Frameworks",
				);
				PRODUCT_BUNDLE_IDENTIFIER = kavyajoshi.MeMeShare;
				PRODUCT_NAME = "$(TARGET_NAME)";
				SWIFT_VERSION = 5.0;
				TARGETED_DEVICE_FAMILY = "1,2";
			};
			name = Debug;
		};
		5584E14D26948D6300B20D53 /* Release */ = {
			isa = XCBuildConfiguration;
			buildSettings = {
				ASSETCATALOG_COMPILER_APPICON_NAME = AppIcon;
				ASSETCATALOG_COMPILER_GLOBAL_ACCENT_COLOR_NAME = AccentColor;
				CODE_SIGN_STYLE = Automatic;
				DEVELOPMENT_TEAM = SAS2UF9Y9D;
				INFOPLIST_FILE = MeMeShare/Info.plist;
				LD_RUNPATH_SEARCH_PATHS = (
					"$(inherited)",
					"@executable_path/Frameworks",
				);
				PRODUCT_BUNDLE_IDENTIFIER = kavyajoshi.MeMeShare;
				PRODUCT_NAME = "$(TARGET_NAME)";
				SWIFT_VERSION = 5.0;
				TARGETED_DEVICE_FAMILY = "1,2";
			};
			name = Release;
		};
		5584E14F26948D6300B20D53 /* Debug */ = {
			isa = XCBuildConfiguration;
			buildSettings = {
				ALWAYS_EMBED_SWIFT_STANDARD_LIBRARIES = YES;
				BUNDLE_LOADER = "$(TEST_HOST)";
				CODE_SIGN_STYLE = Automatic;
				DEVELOPMENT_TEAM = SAS2UF9Y9D;
				INFOPLIST_FILE = MeMeShareTests/Info.plist;
				IPHONEOS_DEPLOYMENT_TARGET = 14.5;
				LD_RUNPATH_SEARCH_PATHS = (
					"$(inherited)",
					"@executable_path/Frameworks",
					"@loader_path/Frameworks",
				);
				PRODUCT_BUNDLE_IDENTIFIER = kavyajoshi.MeMeShareTests;
				PRODUCT_NAME = "$(TARGET_NAME)";
				SWIFT_VERSION = 5.0;
				TARGETED_DEVICE_FAMILY = "1,2";
				TEST_HOST = "$(BUILT_PRODUCTS_DIR)/MeMeShare.app/MeMeShare";
			};
			name = Debug;
		};
		5584E15026948D6300B20D53 /* Release */ = {
			isa = XCBuildConfiguration;
			buildSettings = {
				ALWAYS_EMBED_SWIFT_STANDARD_LIBRARIES = YES;
				BUNDLE_LOADER = "$(TEST_HOST)";
				CODE_SIGN_STYLE = Automatic;
				DEVELOPMENT_TEAM = SAS2UF9Y9D;
				INFOPLIST_FILE = MeMeShareTests/Info.plist;
				IPHONEOS_DEPLOYMENT_TARGET = 14.5;
				LD_RUNPATH_SEARCH_PATHS = (
					"$(inherited)",
					"@executable_path/Frameworks",
					"@loader_path/Frameworks",
				);
				PRODUCT_BUNDLE_IDENTIFIER = kavyajoshi.MeMeShareTests;
				PRODUCT_NAME = "$(TARGET_NAME)";
				SWIFT_VERSION = 5.0;
				TARGETED_DEVICE_FAMILY = "1,2";
				TEST_HOST = "$(BUILT_PRODUCTS_DIR)/MeMeShare.app/MeMeShare";
			};
			name = Release;
		};
		5584E15226948D6300B20D53 /* Debug */ = {
			isa = XCBuildConfiguration;
			buildSettings = {
				ALWAYS_EMBED_SWIFT_STANDARD_LIBRARIES = YES;
				CODE_SIGN_STYLE = Automatic;
				DEVELOPMENT_TEAM = SAS2UF9Y9D;
				INFOPLIST_FILE = MeMeShareUITests/Info.plist;
				LD_RUNPATH_SEARCH_PATHS = (
					"$(inherited)",
					"@executable_path/Frameworks",
					"@loader_path/Frameworks",
				);
				PRODUCT_BUNDLE_IDENTIFIER = kavyajoshi.MeMeShareUITests;
				PRODUCT_NAME = "$(TARGET_NAME)";
				SWIFT_VERSION = 5.0;
				TARGETED_DEVICE_FAMILY = "1,2";
				TEST_TARGET_NAME = MeMeShare;
			};
			name = Debug;
		};
		5584E15326948D6300B20D53 /* Release */ = {
			isa = XCBuildConfiguration;
			buildSettings = {
				ALWAYS_EMBED_SWIFT_STANDARD_LIBRARIES = YES;
				CODE_SIGN_STYLE = Automatic;
				DEVELOPMENT_TEAM = SAS2UF9Y9D;
				INFOPLIST_FILE = MeMeShareUITests/Info.plist;
				LD_RUNPATH_SEARCH_PATHS = (
					"$(inherited)",
					"@executable_path/Frameworks",
					"@loader_path/Frameworks",
				);
				PRODUCT_BUNDLE_IDENTIFIER = kavyajoshi.MeMeShareUITests;
				PRODUCT_NAME = "$(TARGET_NAME)";
				SWIFT_VERSION = 5.0;
				TARGETED_DEVICE_FAMILY = "1,2";
				TEST_TARGET_NAME = MeMeShare;
			};
			name = Release;
		};
/* End XCBuildConfiguration section */

/* Begin XCConfigurationList section */
		5584E11C26948D5E00B20D53 /* Build configuration list for PBXProject "MeMeShare" */ = {
			isa = XCConfigurationList;
			buildConfigurations = (
				5584E14926948D6300B20D53 /* Debug */,
				5584E14A26948D6300B20D53 /* Release */,
			);
			defaultConfigurationIsVisible = 0;
			defaultConfigurationName = Release;
		};
		5584E14B26948D6300B20D53 /* Build configuration list for PBXNativeTarget "MeMeShare" */ = {
			isa = XCConfigurationList;
			buildConfigurations = (
				5584E14C26948D6300B20D53 /* Debug */,
				5584E14D26948D6300B20D53 /* Release */,
			);
			defaultConfigurationIsVisible = 0;
			defaultConfigurationName = Release;
		};
		5584E14E26948D6300B20D53 /* Build configuration list for PBXNativeTarget "MeMeShareTests" */ = {
			isa = XCConfigurationList;
			buildConfigurations = (
				5584E14F26948D6300B20D53 /* Debug */,
				5584E15026948D6300B20D53 /* Release */,
			);
			defaultConfigurationIsVisible = 0;
			defaultConfigurationName = Release;
		};
		5584E15126948D6300B20D53 /* Build configuration list for PBXNativeTarget "MeMeShareUITests" */ = {
			isa = XCConfigurationList;
			buildConfigurations = (
				5584E15226948D6300B20D53 /* Debug */,
				5584E15326948D6300B20D53 /* Release */,
			);
			defaultConfigurationIsVisible = 0;
			defaultConfigurationName = Release;
		};
/* End XCConfigurationList section */
	};
	rootObject = 5584E11926948D5E00B20D53 /* Project object */;
}
